
Microsoft Visual Studio Solution File, Format Version 12.00
# Visual Studio 15
VisualStudioVersion = 15.0.28307.168
MinimumVisualStudioVersion = 10.0.40219.1
Project("{9A19103F-16F7-4668-BE54-9A1E7A4F7556}") = "FileSharingWebAppUsingAzureStorage", "FileSharingWebAppUsingAzureStorage\FileSharingWebAppUsingAzureStorage.csproj", "{9E4ED65A-B501-4A93-BC4E-C843C8A1A631}"
EndProject
Global
	GlobalSection(SolutionConfigurationPlatforms) = preSolution
		Debug|Any CPU = Debug|Any CPU
		Release|Any CPU = Release|Any CPU
	EndGlobalSection
	GlobalSection(ProjectConfigurationPlatforms) = postSolution
		{9E4ED65A-B501-4A93-BC4E-C843C8A1A631}.Debug|Any CPU.ActiveCfg = Debug|Any CPU
		{9E4ED65A-B501-4A93-BC4E-C843C8A1A631}.Debug|Any CPU.Build.0 = Debug|Any CPU
		{9E4ED65A-B501-4A93-BC4E-C843C8A1A631}.Release|Any CPU.ActiveCfg = Release|Any CPU
		{9E4ED65A-B501-4A93-BC4E-C843C8A1A631}.Release|Any CPU.Build.0 = Release|Any CPU
	EndGlobalSection
	GlobalSection(SolutionProperties) = preSolution
		HideSolutionNode = FALSE
	EndGlobalSection
	GlobalSection(ExtensibilityGlobals) = postSolution
		SolutionGuid = {EAE3CC8A-E72B-4906-85BE-25EE18908758}
	EndGlobalSection
EndGlobal
